// !$*UTF8*$!
{
	archiveVersion = 1;
	classes = {
	};
	objectVersion = 77;
	objects = {

/* Begin PBXContainerItemProxy section */
		7CEBC6D42E3FBDB900847DDB /* PBXContainerItemProxy */ = {
			isa = PBXContainerItemProxy;
			containerPortal = 7CEBC6B52E3FBDB700847DDB /* Project object */;
			proxyType = 1;
			remoteGlobalIDString = 7CEBC6BC2E3FBDB700847DDB;
			remoteInfo = Baraka;
		};
		7CEBC6DE2E3FBDB900847DDB /* PBXContainerItemProxy */ = {
			isa = PBXContainerItemProxy;
			containerPortal = 7CEBC6B52E3FBDB700847DDB /* Project object */;
			proxyType = 1;
			remoteGlobalIDString = 7CEBC6BC2E3FBDB700847DDB;
			remoteInfo = Baraka;
		};
/* End PBXContainerItemProxy section */

/* Begin PBXFileReference section */
		7CEBC6BD2E3FBDB700847DDB /* Baraka.app */ = {isa = PBXFileReference; explicitFileType = wrapper.application; includeInIndex = 0; path = Baraka.app; sourceTree = BUILT_PRODUCTS_DIR; };
		7CEBC6D32E3FBDB900847DDB /* BarakaTests.xctest */ = {isa = PBXFileReference; explicitFileType = wrapper.cfbundle; includeInIndex = 0; path = BarakaTests.xctest; sourceTree = BUILT_PRODUCTS_DIR; };
		7CEBC6DD2E3FBDB900847DDB /* BarakaUITests.xctest */ = {isa = PBXFileReference; explicitFileType = wrapper.cfbundle; includeInIndex = 0; path = BarakaUITests.xctest; sourceTree = BUILT_PRODUCTS_DIR; };
/* End PBXFileReference section */

/* Begin PBXFileSystemSynchronizedBuildFileExceptionSet section */
		7CEBC6E52E3FBDB900847DDB /* Exceptions for "Baraka" folder in "Baraka" target */ = {
			isa = PBXFileSystemSynchronizedBuildFileExceptionSet;
			membershipExceptions = (
				Info.plist,
			);
			target = 7CEBC6BC2E3FBDB700847DDB /* Baraka */;
		};
/* End PBXFileSystemSynchronizedBuildFileExceptionSet section */

/* Begin PBXFileSystemSynchronizedRootGroup section */
		7CEBC6BF2E3FBDB800847DDB /* Baraka */ = {
			isa = PBXFileSystemSynchronizedRootGroup;
			exceptions = (
				7CEBC6E52E3FBDB900847DDB /* Exceptions for "Baraka" folder in "Baraka" target */,
			);
			path = Baraka;
			sourceTree = "<group>";
		};
		7CEBC6D62E3FBDB900847DDB /* BarakaTests */ = {
			isa = PBXFileSystemSynchronizedRootGroup;
			path = BarakaTests;
			sourceTree = "<group>";
		};
		7CEBC6E02E3FBDB900847DDB /* BarakaUITests */ = {
			isa = PBXFileSystemSynchronizedRootGroup;
			path = BarakaUITests;
			sourceTree = "<group>";
		};
/* End PBXFileSystemSynchronizedRootGroup section */

/* Begin PBXFrameworksBuildPhase section */
		7CEBC6BA2E3FBDB700847DDB /* Frameworks */ = {
			isa = PBXFrameworksBuildPhase;
			buildActionMask = 2147483647;
			files = (
			);
			runOnlyForDeploymentPostprocessing = 0;
		};
		7CEBC6D02E3FBDB900847DDB /* Frameworks */ = {
			isa = PBXFrameworksBuildPhase;
			buildActionMask = 2147483647;
			files = (
			);
			runOnlyForDeploymentPostprocessing = 0;
		};
		7CEBC6DA2E3FBDB900847DDB /* Frameworks */ = {
			isa = PBXFrameworksBuildPhase;
			buildActionMask = 2147483647;
			files = (
			);
			runOnlyForDeploymentPostprocessing = 0;
		};
/* End PBXFrameworksBuildPhase section */

/* Begin PBXGroup section */
		7CEBC6B42E3FBDB700847DDB = {
			isa = PBXGroup;
			children = (
				7CEBC6BF2E3FBDB800847DDB /* Baraka */,
				7CEBC6D62E3FBDB900847DDB /* BarakaTests */,
				7CEBC6E02E3FBDB900847DDB /* BarakaUITests */,
				7CEBC6BE2E3FBDB700847DDB /* Products */,
			);
			sourceTree = "<group>";
		};
		7CEBC6BE2E3FBDB700847DDB /* Products */ = {
			isa = PBXGroup;
			children = (
				7CEBC6BD2E3FBDB700847DDB /* Baraka.app */,
				7CEBC6D32E3FBDB900847DDB /* BarakaTests.xctest */,
				7CEBC6DD2E3FBDB900847DDB /* BarakaUITests.xctest */,
			);
			name = Products;
			sourceTree = "<group>";
		};
/* End PBXGroup section */

/* Begin PBXNativeTarget section */
		7CEBC6BC2E3FBDB700847DDB /* Baraka */ = {
			isa = PBXNativeTarget;
			buildConfigurationList = 7CEBC6E62E3FBDB900847DDB /* Build configuration list for PBXNativeTarget "Baraka" */;
			buildPhases = (
				7CEBC6B92E3FBDB700847DDB /* Sources */,
				7CEBC6BA2E3FBDB700847DDB /* Frameworks */,
				7CEBC6BB2E3FBDB700847DDB /* Resources */,
			);
			buildRules = (
			);
			dependencies = (
			);
			fileSystemSynchronizedGroups = (
				7CEBC6BF2E3FBDB800847DDB /* Baraka */,
			);
			name = Baraka;
			packageProductDependencies = (
			);
			productName = Baraka;
			productReference = 7CEBC6BD2E3FBDB700847DDB /* Baraka.app */;
			productType = "com.apple.product-type.application";
		};
		7CEBC6D22E3FBDB900847DDB /* BarakaTests */ = {
			isa = PBXNativeTarget;
			buildConfigurationList = 7CEBC6EB2E3FBDB900847DDB /* Build configuration list for PBXNativeTarget "BarakaTests" */;
			buildPhases = (
				7CEBC6CF2E3FBDB900847DDB /* Sources */,
				7CEBC6D02E3FBDB900847DDB /* Frameworks */,
				7CEBC6D12E3FBDB900847DDB /* Resources */,
			);
			buildRules = (
			);
			dependencies = (
				7CEBC6D52E3FBDB900847DDB /* PBXTargetDependency */,
			);
			fileSystemSynchronizedGroups = (
				7CEBC6D62E3FBDB900847DDB /* BarakaTests */,
			);
			name = BarakaTests;
			packageProductDependencies = (
			);
			productName = BarakaTests;
			productReference = 7CEBC6D32E3FBDB900847DDB /* BarakaTests.xctest */;
			productType = "com.apple.product-type.bundle.unit-test";
		};
		7CEBC6DC2E3FBDB900847DDB /* BarakaUITests */ = {
			isa = PBXNativeTarget;
			buildConfigurationList = 7CEBC6EE2E3FBDB900847DDB /* Build configuration list for PBXNativeTarget "BarakaUITests" */;
			buildPhases = (
				7CEBC6D92E3FBDB900847DDB /* Sources */,
				7CEBC6DA2E3FBDB900847DDB /* Frameworks */,
				7CEBC6DB2E3FBDB900847DDB /* Resources */,
			);
			buildRules = (
			);
			dependencies = (
				7CEBC6DF2E3FBDB900847DDB /* PBXTargetDependency */,
			);
			fileSystemSynchronizedGroups = (
				7CEBC6E02E3FBDB900847DDB /* BarakaUITests */,
			);
			name = BarakaUITests;
			packageProductDependencies = (
			);
			productName = BarakaUITests;
			productReference = 7CEBC6DD2E3FBDB900847DDB /* BarakaUITests.xctest */;
			productType = "com.apple.product-type.bundle.ui-testing";
		};
/* End PBXNativeTarget section */

/* Begin PBXProject section */
		7CEBC6B52E3FBDB700847DDB /* Project object */ = {
			isa = PBXProject;
			attributes = {
				BuildIndependentTargetsInParallel = 1;
				LastSwiftUpdateCheck = 1620;
				LastUpgradeCheck = 1620;
				TargetAttributes = {
					7CEBC6BC2E3FBDB700847DDB = {
						CreatedOnToolsVersion = 16.2;
					};
					7CEBC6D22E3FBDB900847DDB = {
						CreatedOnToolsVersion = 16.2;
						TestTargetID = 7CEBC6BC2E3FBDB700847DDB;
					};
					7CEBC6DC2E3FBDB900847DDB = {
						CreatedOnToolsVersion = 16.2;
						TestTargetID = 7CEBC6BC2E3FBDB700847DDB;
					};
				};
			};
			buildConfigurationList = 7CEBC6B82E3FBDB700847DDB /* Build configuration list for PBXProject "Baraka" */;
			developmentRegion = en;
			hasScannedForEncodings = 0;
			knownRegions = (
				en,
				Base,
			);
			mainGroup = 7CEBC6B42E3FBDB700847DDB;
			minimizedProjectReferenceProxies = 1;
			preferredProjectObjectVersion = 77;
			productRefGroup = 7CEBC6BE2E3FBDB700847DDB /* Products */;
			projectDirPath = "";
			projectRoot = "";
			targets = (
				7CEBC6BC2E3FBDB700847DDB /* Baraka */,
				7CEBC6D22E3FBDB900847DDB /* BarakaTests */,
				7CEBC6DC2E3FBDB900847DDB /* BarakaUITests */,
			);
		};
/* End PBXProject section */

/* Begin PBXResourcesBuildPhase section */
		7CEBC6BB2E3FBDB700847DDB /* Resources */ = {
			isa = PBXResourcesBuildPhase;
			buildActionMask = 2147483647;
			files = (
			);
			runOnlyForDeploymentPostprocessing = 0;
		};
		7CEBC6D12E3FBDB900847DDB /* Resources */ = {
			isa = PBXResourcesBuildPhase;
			buildActionMask = 2147483647;
			files = (
			);
			runOnlyForDeploymentPostprocessing = 0;
		};
		7CEBC6DB2E3FBDB900847DDB /* Resources */ = {
			isa = PBXResourcesBuildPhase;
			buildActionMask = 2147483647;
			files = (
			);
			runOnlyForDeploymentPostprocessing = 0;
		};
/* End PBXResourcesBuildPhase section */

/* Begin PBXSourcesBuildPhase section */
		7CEBC6B92E3FBDB700847DDB /* Sources */ = {
			isa = PBXSourcesBuildPhase;
			buildActionMask = 2147483647;
			files = (
			);
			runOnlyForDeploymentPostprocessing = 0;
		};
		7CEBC6CF2E3FBDB900847DDB /* Sources */ = {
			isa = PBXSourcesBuildPhase;
			buildActionMask = 2147483647;
			files = (
			);
			runOnlyForDeploymentPostprocessing = 0;
		};
		7CEBC6D92E3FBDB900847DDB /* Sources */ = {
			isa = PBXSourcesBuildPhase;
			buildActionMask = 2147483647;
			files = (
			);
			runOnlyForDeploymentPostprocessing = 0;
		};
/* End PBXSourcesBuildPhase section */

/* Begin PBXTargetDependency section */
		7CEBC6D52E3FBDB900847DDB /* PBXTargetDependency */ = {
			isa = PBXTargetDependency;
			target = 7CEBC6BC2E3FBDB700847DDB /* Baraka */;
			targetProxy = 7CEBC6D42E3FBDB900847DDB /* PBXContainerItemProxy */;
		};
		7CEBC6DF2E3FBDB900847DDB /* PBXTargetDependency */ = {
			isa = PBXTargetDependency;
			target = 7CEBC6BC2E3FBDB700847DDB /* Baraka */;
			targetProxy = 7CEBC6DE2E3FBDB900847DDB /* PBXContainerItemProxy */;
		};
/* End PBXTargetDependency section */

/* Begin XCBuildConfiguration section */
		7CEBC6E72E3FBDB900847DDB /* Debug */ = {
			isa = XCBuildConfiguration;
			buildSettings = {
				ASSETCATALOG_COMPILER_APPICON_NAME = AppIcon;
				ASSETCATALOG_COMPILER_GLOBAL_ACCENT_COLOR_NAME = AccentColor;
				CODE_SIGN_STYLE = Automatic;
				CURRENT_PROJECT_VERSION = 1;
				DEVELOPMENT_TEAM = 42GWHTH5KL;
				GENERATE_INFOPLIST_FILE = YES;
				INFOPLIST_FILE = Baraka/Info.plist;
				INFOPLIST_KEY_UIApplicationSupportsIndirectInputEvents = YES;
				INFOPLIST_KEY_UILaunchStoryboardName = LaunchScreen;
				INFOPLIST_KEY_UIMainStoryboardFile = Main;
				INFOPLIST_KEY_UISupportedInterfaceOrientations_iPad = "UIInterfaceOrientationPortrait UIInterfaceOrientationPortraitUpsideDown UIInterfaceOrientationLandscapeLeft UIInterfaceOrientationLandscapeRight";
				INFOPLIST_KEY_UISupportedInterfaceOrientations_iPhone = "UIInterfaceOrientationPortrait UIInterfaceOrientationLandscapeLeft UIInterfaceOrientationLandscapeRight";
				LD_RUNPATH_SEARCH_PATHS = (
					"$(inherited)",
					"@executable_path/Frameworks",
				);
				MARKETING_VERSION = 1.0;
				PRODUCT_BUNDLE_IDENTIFIER = com.test.Baraka;
				PRODUCT_NAME = "$(TARGET_NAME)";
				SWIFT_EMIT_LOC_STRINGS = YES;
				SWIFT_VERSION = 5.0;
				TARGETED_DEVICE_FAMILY = "1,2";
			};
			name = Debug;
		};
		7CEBC6E82E3FBDB900847DDB /* Release */ = {
			isa = XCBuildConfiguration;
			buildSettings = {
				ASSETCATALOG_COMPILER_APPICON_NAME = AppIcon;
				ASSETCATALOG_COMPILER_GLOBAL_ACCENT_COLOR_NAME = AccentColor;
				CODE_SIGN_STYLE = Automatic;
				CURRENT_PROJECT_VERSION = 1;
				DEVELOPMENT_TEAM = 42GWHTH5KL;
				GENERATE_INFOPLIST_FILE = YES;
				INFOPLIST_FILE = Baraka/Info.plist;
				INFOPLIST_KEY_UIApplicationSupportsIndirectInputEvents = YES;
				INFOPLIST_KEY_UILaunchStoryboardName = LaunchScreen;
				INFOPLIST_KEY_UIMainStoryboardFile = Main;
				INFOPLIST_KEY_UISupportedInterfaceOrientations_iPad = "UIInterfaceOrientationPortrait UIInterfaceOrientationPortraitUpsideDown UIInterfaceOrientationLandscapeLeft UIInterfaceOrientationLandscapeRight";
				INFOPLIST_KEY_UISupportedInterfaceOrientations_iPhone = "UIInterfaceOrientationPortrait UIInterfaceOrientationLandscapeLeft UIInterfaceOrientationLandscapeRight";
				LD_RUNPATH_SEARCH_PATHS = (
					"$(inherited)",
					"@executable_path/Frameworks",
				);
				MARKETING_VERSION = 1.0;
				PRODUCT_BUNDLE_IDENTIFIER = com.test.Baraka;
				PRODUCT_NAME = "$(TARGET_NAME)";
				SWIFT_EMIT_LOC_STRINGS = YES;
				SWIFT_VERSION = 5.0;
				TARGETED_DEVICE_FAMILY = "1,2";
			};
			name = Release;
		};
		7CEBC6E92E3FBDB900847DDB /* Debug */ = {
			isa = XCBuildConfiguration;
			buildSettings = {
				ALWAYS_SEARCH_USER_PATHS = NO;
				ASSETCATALOG_COMPILER_GENERATE_SWIFT_ASSET_SYMBOL_EXTENSIONS = YES;
				CLANG_ANALYZER_NONNULL = YES;
				CLANG_ANALYZER_NUMBER_OBJECT_CONVERSION = YES_AGGRESSIVE;
				CLANG_CXX_LANGUAGE_STANDARD = "gnu++20";
				CLANG_ENABLE_MODULES = YES;
				CLANG_ENABLE_OBJC_ARC = YES;
				CLANG_ENABLE_OBJC_WEAK = YES;
				CLANG_WARN_BLOCK_CAPTURE_AUTORELEASING = YES;
				CLANG_WARN_BOOL_CONVERSION = YES;
				CLANG_WARN_COMMA = YES;
				CLANG_WARN_CONSTANT_CONVERSION = YES;
				CLANG_WARN_DEPRECATED_OBJC_IMPLEMENTATIONS = YES;
				CLANG_WARN_DIRECT_OBJC_ISA_USAGE = YES_ERROR;
				CLANG_WARN_DOCUMENTATION_COMMENTS = YES;
				CLANG_WARN_EMPTY_BODY = YES;
				CLANG_WARN_ENUM_CONVERSION = YES;
				CLANG_WARN_INFINITE_RECURSION = YES;
				CLANG_WARN_INT_CONVERSION = YES;
				CLANG_WARN_NON_LITERAL_NULL_CONVERSION = YES;
				CLANG_WARN_OBJC_IMPLICIT_RETAIN_SELF = YES;
				CLANG_WARN_OBJC_LITERAL_CONVERSION = YES;
				CLANG_WARN_OBJC_ROOT_CLASS = YES_ERROR;
				CLANG_WARN_QUOTED_INCLUDE_IN_FRAMEWORK_HEADER = YES;
				CLANG_WARN_RANGE_LOOP_ANALYSIS = YES;
				CLANG_WARN_STRICT_PROTOTYPES = YES;
				CLANG_WARN_SUSPICIOUS_MOVE = YES;
				CLANG_WARN_UNGUARDED_AVAILABILITY = YES_AGGRESSIVE;
				CLANG_WARN_UNREACHABLE_CODE = YES;
				CLANG_WARN__DUPLICATE_METHOD_MATCH = YES;
				COPY_PHASE_STRIP = NO;
				DEBUG_INFORMATION_FORMAT = dwarf;
				ENABLE_STRICT_OBJC_MSGSEND = YES;
				ENABLE_TESTABILITY = YES;
				ENABLE_USER_SCRIPT_SANDBOXING = YES;
				GCC_C_LANGUAGE_STANDARD = gnu17;
				GCC_DYNAMIC_NO_PIC = NO;
				GCC_NO_COMMON_BLOCKS = YES;
				GCC_OPTIMIZATION_LEVEL = 0;
				GCC_PREPROCESSOR_DEFINITIONS = (
					"DEBUG=1",
					"$(inherited)",
				);
				GCC_WARN_64_TO_32_BIT_CONVERSION = YES;
				GCC_WARN_ABOUT_RETURN_TYPE = YES_ERROR;
				GCC_WARN_UNDECLARED_SELECTOR = YES;
				GCC_WARN_UNINITIALIZED_AUTOS = YES_AGGRESSIVE;
				GCC_WARN_UNUSED_FUNCTION = YES;
				GCC_WARN_UNUSED_VARIABLE = YES;
				IPHONEOS_DEPLOYMENT_TARGET = 18.2;
				LOCALIZATION_PREFERS_STRING_CATALOGS = YES;
				MTL_ENABLE_DEBUG_INFO = INCLUDE_SOURCE;
				MTL_FAST_MATH = YES;
				ONLY_ACTIVE_ARCH = YES;
				SDKROOT = iphoneos;
				SWIFT_ACTIVE_COMPILATION_CONDITIONS = "DEBUG $(inherited)";
				SWIFT_OPTIMIZATION_LEVEL = "-Onone";
			};
			name = Debug;
		};
		7CEBC6EA2E3FBDB900847DDB /* Release */ = {
			isa = XCBuildConfiguration;
			buildSettings = {
				ALWAYS_SEARCH_USER_PATHS = NO;
				ASSETCATALOG_COMPILER_GENERATE_SWIFT_ASSET_SYMBOL_EXTENSIONS = YES;
				CLANG_ANALYZER_NONNULL = YES;
				CLANG_ANALYZER_NUMBER_OBJECT_CONVERSION = YES_AGGRESSIVE;
				CLANG_CXX_LANGUAGE_STANDARD = "gnu++20";
				CLANG_ENABLE_MODULES = YES;
				CLANG_ENABLE_OBJC_ARC = YES;
				CLANG_ENABLE_OBJC_WEAK = YES;
				CLANG_WARN_BLOCK_CAPTURE_AUTORELEASING = YES;
				CLANG_WARN_BOOL_CONVERSION = YES;
				CLANG_WARN_COMMA = YES;
				CLANG_WARN_CONSTANT_CONVERSION = YES;
				CLANG_WARN_DEPRECATED_OBJC_IMPLEMENTATIONS = YES;
				CLANG_WARN_DIRECT_OBJC_ISA_USAGE = YES_ERROR;
				CLANG_WARN_DOCUMENTATION_COMMENTS = YES;
				CLANG_WARN_EMPTY_BODY = YES;
				CLANG_WARN_ENUM_CONVERSION = YES;
				CLANG_WARN_INFINITE_RECURSION = YES;
				CLANG_WARN_INT_CONVERSION = YES;
				CLANG_WARN_NON_LITERAL_NULL_CONVERSION = YES;
				CLANG_WARN_OBJC_IMPLICIT_RETAIN_SELF = YES;
				CLANG_WARN_OBJC_LITERAL_CONVERSION = YES;
				CLANG_WARN_OBJC_ROOT_CLASS = YES_ERROR;
				CLANG_WARN_QUOTED_INCLUDE_IN_FRAMEWORK_HEADER = YES;
				CLANG_WARN_RANGE_LOOP_ANALYSIS = YES;
				CLANG_WARN_STRICT_PROTOTYPES = YES;
				CLANG_WARN_SUSPICIOUS_MOVE = YES;
				CLANG_WARN_UNGUARDED_AVAILABILITY = YES_AGGRESSIVE;
				CLANG_WARN_UNREACHABLE_CODE = YES;
				CLANG_WARN__DUPLICATE_METHOD_MATCH = YES;
				COPY_PHASE_STRIP = NO;
				DEBUG_INFORMATION_FORMAT = "dwarf-with-dsym";
				ENABLE_NS_ASSERTIONS = NO;
				ENABLE_STRICT_OBJC_MSGSEND = YES;
				ENABLE_USER_SCRIPT_SANDBOXING = YES;
				GCC_C_LANGUAGE_STANDARD = gnu17;
				GCC_NO_COMMON_BLOCKS = YES;
				GCC_WARN_64_TO_32_BIT_CONVERSION = YES;
				GCC_WARN_ABOUT_RETURN_TYPE = YES_ERROR;
				GCC_WARN_UNDECLARED_SELECTOR = YES;
				GCC_WARN_UNINITIALIZED_AUTOS = YES_AGGRESSIVE;
				GCC_WARN_UNUSED_FUNCTION = YES;
				GCC_WARN_UNUSED_VARIABLE = YES;
				IPHONEOS_DEPLOYMENT_TARGET = 18.2;
				LOCALIZATION_PREFERS_STRING_CATALOGS = YES;
				MTL_ENABLE_DEBUG_INFO = NO;
				MTL_FAST_MATH = YES;
				SDKROOT = iphoneos;
				SWIFT_COMPILATION_MODE = wholemodule;
				VALIDATE_PRODUCT = YES;
			};
			name = Release;
		};
		7CEBC6EC2E3FBDB900847DDB /* Debug */ = {
			isa = XCBuildConfiguration;
			buildSettings = {
				BUNDLE_LOADER = "$(TEST_HOST)";
				CODE_SIGN_STYLE = Automatic;
				CURRENT_PROJECT_VERSION = 1;
				DEVELOPMENT_TEAM = 42GWHTH5KL;
				GENERATE_INFOPLIST_FILE = YES;
				IPHONEOS_DEPLOYMENT_TARGET = 18.2;
				MARKETING_VERSION = 1.0;
				PRODUCT_BUNDLE_IDENTIFIER = com.test.BarakaTests;
				PRODUCT_NAME = "$(TARGET_NAME)";
				SWIFT_EMIT_LOC_STRINGS = NO;
				SWIFT_VERSION = 5.0;
				TARGETED_DEVICE_FAMILY = "1,2";
				TEST_HOST = "$(BUILT_PRODUCTS_DIR)/Baraka.app/$(BUNDLE_EXECUTABLE_FOLDER_PATH)/Baraka";
			};
			name = Debug;
		};
		7CEBC6ED2E3FBDB900847DDB /* Release */ = {
			isa = XCBuildConfiguration;
			buildSettings = {
				BUNDLE_LOADER = "$(TEST_HOST)";
				CODE_SIGN_STYLE = Automatic;
				CURRENT_PROJECT_VERSION = 1;
				DEVELOPMENT_TEAM = 42GWHTH5KL;
				GENERATE_INFOPLIST_FILE = YES;
				IPHONEOS_DEPLOYMENT_TARGET = 18.2;
				MARKETING_VERSION = 1.0;
				PRODUCT_BUNDLE_IDENTIFIER = com.test.BarakaTests;
				PRODUCT_NAME = "$(TARGET_NAME)";
				SWIFT_EMIT_LOC_STRINGS = NO;
				SWIFT_VERSION = 5.0;
				TARGETED_DEVICE_FAMILY = "1,2";
				TEST_HOST = "$(BUILT_PRODUCTS_DIR)/Baraka.app/$(BUNDLE_EXECUTABLE_FOLDER_PATH)/Baraka";
			};
			name = Release;
		};
		7CEBC6EF2E3FBDB900847DDB /* Debug */ = {
			isa = XCBuildConfiguration;
			buildSettings = {
				CODE_SIGN_STYLE = Automatic;
				CURRENT_PROJECT_VERSION = 1;
				DEVELOPMENT_TEAM = 42GWHTH5KL;
				GENERATE_INFOPLIST_FILE = YES;
				MARKETING_VERSION = 1.0;
				PRODUCT_BUNDLE_IDENTIFIER = com.test.BarakaUITests;
				PRODUCT_NAME = "$(TARGET_NAME)";
				SWIFT_EMIT_LOC_STRINGS = NO;
				SWIFT_VERSION = 5.0;
				TARGETED_DEVICE_FAMILY = "1,2";
				TEST_TARGET_NAME = Baraka;
			};
			name = Debug;
		};
		7CEBC6F02E3FBDB900847DDB /* Release */ = {
			isa = XCBuildConfiguration;
			buildSettings = {
				CODE_SIGN_STYLE = Automatic;
				CURRENT_PROJECT_VERSION = 1;
				DEVELOPMENT_TEAM = 42GWHTH5KL;
				GENERATE_INFOPLIST_FILE = YES;
				MARKETING_VERSION = 1.0;
				PRODUCT_BUNDLE_IDENTIFIER = com.test.BarakaUITests;
				PRODUCT_NAME = "$(TARGET_NAME)";
				SWIFT_EMIT_LOC_STRINGS = NO;
				SWIFT_VERSION = 5.0;
				TARGETED_DEVICE_FAMILY = "1,2";
				TEST_TARGET_NAME = Baraka;
			};
			name = Release;
		};
/* End XCBuildConfiguration section */

/* Begin XCConfigurationList section */
		7CEBC6B82E3FBDB700847DDB /* Build configuration list for PBXProject "Baraka" */ = {
			isa = XCConfigurationList;
			buildConfigurations = (
				7CEBC6E92E3FBDB900847DDB /* Debug */,
				7CEBC6EA2E3FBDB900847DDB /* Release */,
			);
			defaultConfigurationIsVisible = 0;
			defaultConfigurationName = Release;
		};
		7CEBC6E62E3FBDB900847DDB /* Build configuration list for PBXNativeTarget "Baraka" */ = {
			isa = XCConfigurationList;
			buildConfigurations = (
				7CEBC6E72E3FBDB900847DDB /* Debug */,
				7CEBC6E82E3FBDB900847DDB /* Release */,
			);
			defaultConfigurationIsVisible = 0;
			defaultConfigurationName = Release;
		};
		7CEBC6EB2E3FBDB900847DDB /* Build configuration list for PBXNativeTarget "BarakaTests" */ = {
			isa = XCConfigurationList;
			buildConfigurations = (
				7CEBC6EC2E3FBDB900847DDB /* Debug */,
				7CEBC6ED2E3FBDB900847DDB /* Release */,
			);
			defaultConfigurationIsVisible = 0;
			defaultConfigurationName = Release;
		};
		7CEBC6EE2E3FBDB900847DDB /* Build configuration list for PBXNativeTarget "BarakaUITests" */ = {
			isa = XCConfigurationList;
			buildConfigurations = (
				7CEBC6EF2E3FBDB900847DDB /* Debug */,
				7CEBC6F02E3FBDB900847DDB /* Release */,
			);
			defaultConfigurationIsVisible = 0;
			defaultConfigurationName = Release;
		};
/* End XCConfigurationList section */
	};
	rootObject = 7CEBC6B52E3FBDB700847DDB /* Project object */;
}
